
Microsoft Visual Studio Solution File, Format Version 12.00
# Visual Studio Version 16
VisualStudioVersion = 16.0.31613.86
MinimumVisualStudioVersion = 10.0.40219.1
Project("{FAE04EC0-301F-11D3-BF4B-00C04F79EFBC}") = "FitnessAppMVC", "FitnessAppMVC\FitnessAppMVC.csproj", "{B88705AC-719E-425E-8979-869359554730}"
EndProject
Project("{FAE04EC0-301F-11D3-BF4B-00C04F79EFBC}") = "FitnessApp.Tests", "FitnessApp.Tests\FitnessApp.Tests.csproj", "{5D937917-89BB-446B-854F-8F83ADD14748}"
EndProject
Global
	GlobalSection(SolutionConfigurationPlatforms) = preSolution
		Debug|Any CPU = Debug|Any CPU
		Release|Any CPU = Release|Any CPU
	EndGlobalSection
	GlobalSection(ProjectConfigurationPlatforms) = postSolution
		{B88705AC-719E-425E-8979-869359554730}.Debug|Any CPU.ActiveCfg = Debug|Any CPU
		{B88705AC-719E-425E-8979-869359554730}.Debug|Any CPU.Build.0 = Debug|Any CPU
		{B88705AC-719E-425E-8979-869359554730}.Release|Any CPU.ActiveCfg = Release|Any CPU
		{B88705AC-719E-425E-8979-869359554730}.Release|Any CPU.Build.0 = Release|Any CPU
		{5D937917-89BB-446B-854F-8F83ADD14748}.Debug|Any CPU.ActiveCfg = Debug|Any CPU
		{5D937917-89BB-446B-854F-8F83ADD14748}.Debug|Any CPU.Build.0 = Debug|Any CPU
		{5D937917-89BB-446B-854F-8F83ADD14748}.Release|Any CPU.ActiveCfg = Release|Any CPU
		{5D937917-89BB-446B-854F-8F83ADD14748}.Release|Any CPU.Build.0 = Release|Any CPU
	EndGlobalSection
	GlobalSection(SolutionProperties) = preSolution
		HideSolutionNode = FALSE
	EndGlobalSection
	GlobalSection(ExtensibilityGlobals) = postSolution
		SolutionGuid = {F7D410EA-CE04-4CB1-A7FF-AEDD70379EC1}
	EndGlobalSection
EndGlobal
